{
  "object": {
    "pins": [
      {
        "package": "CoreGraphicsExtensions",
        "repositoryURL": "https://github.com/heestand-xyz/CoreGraphicsExtensions",
        "state": {
          "branch": null,
          "revision": "89b30426f001988a878905d9cdcec0647dc17281",
          "version": "1.3.1"
        }
      },
      {
        "package": "DisplayLink",
        "repositoryURL": "https://github.com/heestand-xyz/DisplayLink",
        "state": {
          "branch": null,
          "revision": "c954713d46055625e324f23fa50b5cc3c7f56486",
          "version": "1.0.2"
        }
      },
      {
        "package": "Logger",
        "repositoryURL": "https://github.com/heestand-xyz/Logger",
        "state": {
          "branch": null,
          "revision": "2e6f1a07852a0107f9d63d042d41a7a108ad0b7f",
          "version": "0.2.1"
        }
      },
      {
        "package": "MultiViews",
        "repositoryURL": "https://github.com/heestand-xyz/MultiViews",
        "state": {
          "branch": null,
          "revision": "cbd14515dc251065a02955dbaca781cb224fe613",
          "version": "1.5.6"
        }
      },
      {
        "package": "swift-collections",
        "repositoryURL": "https://github.com/apple/swift-collections",
        "state": {
          "branch": null,
          "revision": "48254824bb4248676bf7ce56014ff57b142b77eb",
          "version": "1.0.2"
        }
      }
    ]
  },
  "version": 1
}
