{
  "pins" : [
    {
      "identity" : "coregraphicsextensions",
      "kind" : "remoteSourceControl",
      "location" : "https://github.com/heestand-xyz/CoreGraphicsExtensions",
      "state" : {
        "revision" : "a95735b2522f6e2ba9ab8a59fbf742e1723212ed",
        "version" : "2.0.0"
      }
    },
    {
      "identity" : "displaylink",
      "kind" : "remoteSourceControl",
      "location" : "https://github.com/heestand-xyz/DisplayLink",
      "state" : {
        "revision" : "3d5e4dcacb230c551428e1bbc3da04eb8a959b8a",
        "version" : "2.0.0"
      }
    },
    {
      "identity" : "logger",
      "kind" : "remoteSourceControl",
      "location" : "https://github.com/heestand-xyz/Logger",
      "state" : {
        "revision" : "8553f58e72b83598acc28d4ea93b1dc992c71067",
        "version" : "0.3.1"
      }
    },
    {
      "identity" : "multiviews",
      "kind" : "remoteSourceControl",
      "location" : "https://github.com/heestand-xyz/MultiViews",
      "state" : {
        "revision" : "cfb3c945f89adebc13fa3c85f8cfa37f41946683",
        "version" : "3.0.0"
      }
    },
    {
      "identity" : "swift-collections",
      "kind" : "remoteSourceControl",
      "location" : "https://github.com/apple/swift-collections",
      "state" : {
        "revision" : "48254824bb4248676bf7ce56014ff57b142b77eb",
        "version" : "1.0.2"
      }
    }
  ],
  "version" : 2
}
